<?xml version="1.0" encoding="utf-8"?>
<Project ToolsVersion="4.0" xmlns="http://schemas.microsoft.com/developer/msbuild/2003">
  <ItemGroup>
    <Filter Include="Messages">
      <UniqueIdentifier>{4a2290db-d749-405f-9264-a984ea230a03}</UniqueIdentifier>
    </Filter>
    <Filter Include="Encoder">
      <UniqueIdentifier>{e21f1e91-315f-4d6d-b636-0409d1b9642b}</UniqueIdentifier>
    </Filter>
    <Filter Include="Server">
      <UniqueIdentifier>{0860a520-d5b0-4025-94c9-4f068339182a}</UniqueIdentifier>
    </Filter>
    <Filter Include="Config">
      <UniqueIdentifier>{ca68cb85-5298-409e-8c3c-e86a03074e21}</UniqueIdentifier>
    </Filter>
  </ItemGroup>
  <ItemGroup>
    <ClCompile Include="Messages.cpp">
      <Filter>Messages</Filter>
    </ClCompile>
    <ClCompile Include="Encoder.cpp">
      <Filter>Encoder</Filter>
    </ClCompile>
    <ClCompile Include="ThreadPool.cpp">
      <Filter>Server</Filter>
    </ClCompile>
    <ClCompile Include="Server.cpp">
      <Filter>Server</Filter>
    </ClCompile>
    <ClCompile Include="RequestHandler.cpp">
      <Filter>Server</Filter>
    </ClCompile>
    <ClCompile Include="main.cpp" />
    <ClCompile Include="Config.cpp">
      <Filter>Config</Filter>
    </ClCompile>
  </ItemGroup>
  <ItemGroup>
    <ClInclude Include="Messages.h">
      <Filter>Messages</Filter>
    </ClInclude>
    <ClInclude Include="Encoder.h">
      <Filter>Encoder</Filter>
    </ClInclude>
    <ClInclude Include="Server.h">
      <Filter>Server</Filter>
    </ClInclude>
    <ClInclude Include="ThreadPool.h">
      <Filter>Server</Filter>
    </ClInclude>
    <ClInclude Include="RequestHandler.h">
      <Filter>Server</Filter>
    </ClInclude>
    <ClInclude Include="ServerErrors.h">
      <Filter>Server</Filter>
    </ClInclude>
    <ClInclude Include="Config.h">
      <Filter>Config</Filter>
    </ClInclude>
  </ItemGroup>
</Project>